// !$*UTF8*$!
{
	archiveVersion = 1;
	classes = {
	};
	objectVersion = 50;
	objects = {

/* Begin PBXBuildFile section */
		F37DDDCD231FD8FD00C14031 /* AppDelegate.swift in Sources */ = {isa = PBXBuildFile; fileRef = F37DDDCC231FD8FD00C14031 /* AppDelegate.swift */; };
		F37DDDCF231FD8FD00C14031 /* ViewController.swift in Sources */ = {isa = PBXBuildFile; fileRef = F37DDDCE231FD8FD00C14031 /* ViewController.swift */; };
		F37DDDD2231FD8FD00C14031 /* Main.storyboard in Resources */ = {isa = PBXBuildFile; fileRef = F37DDDD0231FD8FD00C14031 /* Main.storyboard */; };
		F37DDDD4231FD8FE00C14031 /* Assets.xcassets in Resources */ = {isa = PBXBuildFile; fileRef = F37DDDD3231FD8FE00C14031 /* Assets.xcassets */; };
		F37DDDD7231FD8FE00C14031 /* LaunchScreen.storyboard in Resources */ = {isa = PBXBuildFile; fileRef = F37DDDD5231FD8FE00C14031 /* LaunchScreen.storyboard */; };
/* End PBXBuildFile section */

/* Begin PBXFileReference section */
		F37DDDC9231FD8FD00C14031 /* EducationRepo.app */ = {isa = PBXFileReference; explicitFileType = wrapper.application; includeInIndex = 0; path = EducationRepo.app; sourceTree = BUILT_PRODUCTS_DIR; };
		F37DDDCC231FD8FD00C14031 /* AppDelegate.swift */ = {isa = PBXFileReference; lastKnownFileType = sourcecode.swift; path = AppDelegate.swift; sourceTree = "<group>"; };
		F37DDDCE231FD8FD00C14031 /* ViewController.swift */ = {isa = PBXFileReference; lastKnownFileType = sourcecode.swift; path = ViewController.swift; sourceTree = "<group>"; };
		F37DDDD1231FD8FD00C14031 /* Base */ = {isa = PBXFileReference; lastKnownFileType = file.storyboard; name = Base; path = Base.lproj/Main.storyboard; sourceTree = "<group>"; };
		F37DDDD3231FD8FE00C14031 /* Assets.xcassets */ = {isa = PBXFileReference; lastKnownFileType = folder.assetcatalog; path = Assets.xcassets; sourceTree = "<group>"; };
		F37DDDD6231FD8FE00C14031 /* Base */ = {isa = PBXFileReference; lastKnownFileType = file.storyboard; name = Base; path = Base.lproj/LaunchScreen.storyboard; sourceTree = "<group>"; };
		F37DDDD8231FD8FE00C14031 /* Info.plist */ = {isa = PBXFileReference; lastKnownFileType = text.plist.xml; path = Info.plist; sourceTree = "<group>"; };
/* End PBXFileReference section */

/* Begin PBXFrameworksBuildPhase section */
		F37DDDC6231FD8FD00C14031 /* Frameworks */ = {
			isa = PBXFrameworksBuildPhase;
			buildActionMask = 2147483647;
			files = (
			);
			runOnlyForDeploymentPostprocessing = 0;
		};
/* End PBXFrameworksBuildPhase section */

/* Begin PBXGroup section */
		F37DDDC0231FD8FD00C14031 = {
			isa = PBXGroup;
			children = (
				F37DDDCB231FD8FD00C14031 /* EducationRepo */,
				F37DDDCA231FD8FD00C14031 /* Products */,
			);
			sourceTree = "<group>";
		};
		F37DDDCA231FD8FD00C14031 /* Products */ = {
			isa = PBXGroup;
			children = (
				F37DDDC9231FD8FD00C14031 /* EducationRepo.app */,
			);
			name = Products;
			sourceTree = "<group>";
		};
		F37DDDCB231FD8FD00C14031 /* EducationRepo */ = {
			isa = PBXGroup;
			children = (
				F37DDDCC231FD8FD00C14031 /* AppDelegate.swift */,
				F37DDDCE231FD8FD00C14031 /* ViewController.swift */,
				F37DDDD0231FD8FD00C14031 /* Main.storyboard */,
				F37DDDD3231FD8FE00C14031 /* Assets.xcassets */,
				F37DDDD5231FD8FE00C14031 /* LaunchScreen.storyboard */,
				F37DDDD8231FD8FE00C14031 /* Info.plist */,
			);
			path = EducationRepo;
			sourceTree = "<group>";
		};
/* End PBXGroup section */

/* Begin PBXNativeTarget section */
		F37DDDC8231FD8FD00C14031 /* EducationRepo */ = {
			isa = PBXNativeTarget;
			buildConfigurationList = F37DDDDB231FD8FE00C14031 /* Build configuration list for PBXNativeTarget "EducationRepo" */;
			buildPhases = (
				F37DDDC5231FD8FD00C14031 /* Sources */,
				F37DDDC6231FD8FD00C14031 /* Frameworks */,
				F37DDDC7231FD8FD00C14031 /* Resources */,
			);
			buildRules = (
			);
			dependencies = (
			);
			name = EducationRepo;
			productName = EducationRepo;
			productReference = F37DDDC9231FD8FD00C14031 /* EducationRepo.app */;
			productType = "com.apple.product-type.application";
		};
/* End PBXNativeTarget section */

/* Begin PBXProject section */
		F37DDDC1231FD8FD00C14031 /* Project object */ = {
			isa = PBXProject;
			attributes = {
				LastSwiftUpdateCheck = 1030;
				LastUpgradeCheck = 1030;
				ORGANIZATIONNAME = "Margarita Zarubina";
				TargetAttributes = {
					F37DDDC8231FD8FD00C14031 = {
						CreatedOnToolsVersion = 10.3;
					};
				};
			};
			buildConfigurationList = F37DDDC4231FD8FD00C14031 /* Build configuration list for PBXProject "EducationRepo" */;
			compatibilityVersion = "Xcode 9.3";
			developmentRegion = en;
			hasScannedForEncodings = 0;
			knownRegions = (
				en,
				Base,
			);
			mainGroup = F37DDDC0231FD8FD00C14031;
			productRefGroup = F37DDDCA231FD8FD00C14031 /* Products */;
			projectDirPath = "";
			projectRoot = "";
			targets = (
				F37DDDC8231FD8FD00C14031 /* EducationRepo */,
			);
		};
/* End PBXProject section */

/* Begin PBXResourcesBuildPhase section */
		F37DDDC7231FD8FD00C14031 /* Resources */ = {
			isa = PBXResourcesBuildPhase;
			buildActionMask = 2147483647;
			files = (
				F37DDDD7231FD8FE00C14031 /* LaunchScreen.storyboard in Resources */,
				F37DDDD4231FD8FE00C14031 /* Assets.xcassets in Resources */,
				F37DDDD2231FD8FD00C14031 /* Main.storyboard in Resources */,
			);
			runOnlyForDeploymentPostprocessing = 0;
		};
/* End PBXResourcesBuildPhase section */

/* Begin PBXSourcesBuildPhase section */
		F37DDDC5231FD8FD00C14031 /* Sources */ = {
			isa = PBXSourcesBuildPhase;
			buildActionMask = 2147483647;
			files = (
				F37DDDCF231FD8FD00C14031 /* ViewController.swift in Sources */,
				F37DDDCD231FD8FD00C14031 /* AppDelegate.swift in Sources */,
			);
			runOnlyForDeploymentPostprocessing = 0;
		};
/* End PBXSourcesBuildPhase section */

/* Begin PBXVariantGroup section */
		F37DDDD0231FD8FD00C14031 /* Main.storyboard */ = {
			isa = PBXVariantGroup;
			children = (
				F37DDDD1231FD8FD00C14031 /* Base */,
			);
			name = Main.storyboard;
			sourceTree = "<group>";
		};
		F37DDDD5231FD8FE00C14031 /* LaunchScreen.storyboard */ = {
			isa = PBXVariantGroup;
			children = (
				F37DDDD6231FD8FE00C14031 /* Base */,
			);
			name = LaunchScreen.storyboard;
			sourceTree = "<group>";
		};
/* End PBXVariantGroup section */

/* Begin XCBuildConfiguration section */
		F37DDDD9231FD8FE00C14031 /* Debug */ = {
			isa = XCBuildConfiguration;
			buildSettings = {
				ALWAYS_SEARCH_USER_PATHS = NO;
				CLANG_ANALYZER_NONNULL = YES;
				CLANG_ANALYZER_NUMBER_OBJECT_CONVERSION = YES_AGGRESSIVE;
				CLANG_CXX_LANGUAGE_STANDARD = "gnu++14";
				CLANG_CXX_LIBRARY = "libc++";
				CLANG_ENABLE_MODULES = YES;
				CLANG_ENABLE_OBJC_ARC = YES;
				CLANG_ENABLE_OBJC_WEAK = YES;
				CLANG_WARN_BLOCK_CAPTURE_AUTORELEASING = YES;
				CLANG_WARN_BOOL_CONVERSION = YES;
				CLANG_WARN_COMMA = YES;
				CLANG_WARN_CONSTANT_CONVERSION = YES;
				CLANG_WARN_DEPRECATED_OBJC_IMPLEMENTATIONS = YES;
				CLANG_WARN_DIRECT_OBJC_ISA_USAGE = YES_ERROR;
				CLANG_WARN_DOCUMENTATION_COMMENTS = YES;
				CLANG_WARN_EMPTY_BODY = YES;
				CLANG_WARN_ENUM_CONVERSION = YES;
				CLANG_WARN_INFINITE_RECURSION = YES;
				CLANG_WARN_INT_CONVERSION = YES;
				CLANG_WARN_NON_LITERAL_NULL_CONVERSION = YES;
				CLANG_WARN_OBJC_IMPLICIT_RETAIN_SELF = YES;
				CLANG_WARN_OBJC_LITERAL_CONVERSION = YES;
				CLANG_WARN_OBJC_ROOT_CLASS = YES_ERROR;
				CLANG_WARN_RANGE_LOOP_ANALYSIS = YES;
				CLANG_WARN_STRICT_PROTOTYPES = YES;
				CLANG_WARN_SUSPICIOUS_MOVE = YES;
				CLANG_WARN_UNGUARDED_AVAILABILITY = YES_AGGRESSIVE;
				CLANG_WARN_UNREACHABLE_CODE = YES;
				CLANG_WARN__DUPLICATE_METHOD_MATCH = YES;
				CODE_SIGN_IDENTITY = "iPhone Developer";
				COPY_PHASE_STRIP = NO;
				DEBUG_INFORMATION_FORMAT = dwarf;
				ENABLE_STRICT_OBJC_MSGSEND = YES;
				ENABLE_TESTABILITY = YES;
				GCC_C_LANGUAGE_STANDARD = gnu11;
				GCC_DYNAMIC_NO_PIC = NO;
				GCC_NO_COMMON_BLOCKS = YES;
				GCC_OPTIMIZATION_LEVEL = 0;
				GCC_PREPROCESSOR_DEFINITIONS = (
					"DEBUG=1",
					"$(inherited)",
				);
				GCC_WARN_64_TO_32_BIT_CONVERSION = YES;
				GCC_WARN_ABOUT_RETURN_TYPE = YES_ERROR;
				GCC_WARN_UNDECLARED_SELECTOR = YES;
				GCC_WARN_UNINITIALIZED_AUTOS = YES_AGGRESSIVE;
				GCC_WARN_UNUSED_FUNCTION = YES;
				GCC_WARN_UNUSED_VARIABLE = YES;
				IPHONEOS_DEPLOYMENT_TARGET = 12.4;
				MTL_ENABLE_DEBUG_INFO = INCLUDE_SOURCE;
				MTL_FAST_MATH = YES;
				ONLY_ACTIVE_ARCH = YES;
				SDKROOT = iphoneos;
				SWIFT_ACTIVE_COMPILATION_CONDITIONS = DEBUG;
				SWIFT_OPTIMIZATION_LEVEL = "-Onone";
			};
			name = Debug;
		};
		F37DDDDA231FD8FE00C14031 /* Release */ = {
			isa = XCBuildConfiguration;
			buildSettings = {
				ALWAYS_SEARCH_USER_PATHS = NO;
				CLANG_ANALYZER_NONNULL = YES;
				CLANG_ANALYZER_NUMBER_OBJECT_CONVERSION = YES_AGGRESSIVE;
				CLANG_CXX_LANGUAGE_STANDARD = "gnu++14";
				CLANG_CXX_LIBRARY = "libc++";
				CLANG_ENABLE_MODULES = YES;
				CLANG_ENABLE_OBJC_ARC = YES;
				CLANG_ENABLE_OBJC_WEAK = YES;
				CLANG_WARN_BLOCK_CAPTURE_AUTORELEASING = YES;
				CLANG_WARN_BOOL_CONVERSION = YES;
				CLANG_WARN_COMMA = YES;
				CLANG_WARN_CONSTANT_CONVERSION = YES;
				CLANG_WARN_DEPRECATED_OBJC_IMPLEMENTATIONS = YES;
				CLANG_WARN_DIRECT_OBJC_ISA_USAGE = YES_ERROR;
				CLANG_WARN_DOCUMENTATION_COMMENTS = YES;
				CLANG_WARN_EMPTY_BODY = YES;
				CLANG_WARN_ENUM_CONVERSION = YES;
				CLANG_WARN_INFINITE_RECURSION = YES;
				CLANG_WARN_INT_CONVERSION = YES;
				CLANG_WARN_NON_LITERAL_NULL_CONVERSION = YES;
				CLANG_WARN_OBJC_IMPLICIT_RETAIN_SELF = YES;
				CLANG_WARN_OBJC_LITERAL_CONVERSION = YES;
				CLANG_WARN_OBJC_ROOT_CLASS = YES_ERROR;
				CLANG_WARN_RANGE_LOOP_ANALYSIS = YES;
				CLANG_WARN_STRICT_PROTOTYPES = YES;
				CLANG_WARN_SUSPICIOUS_MOVE = YES;
				CLANG_WARN_UNGUARDED_AVAILABILITY = YES_AGGRESSIVE;
				CLANG_WARN_UNREACHABLE_CODE = YES;
				CLANG_WARN__DUPLICATE_METHOD_MATCH = YES;
				CODE_SIGN_IDENTITY = "iPhone Developer";
				COPY_PHASE_STRIP = NO;
				DEBUG_INFORMATION_FORMAT = "dwarf-with-dsym";
				ENABLE_NS_ASSERTIONS = NO;
				ENABLE_STRICT_OBJC_MSGSEND = YES;
				GCC_C_LANGUAGE_STANDARD = gnu11;
				GCC_NO_COMMON_BLOCKS = YES;
				GCC_WARN_64_TO_32_BIT_CONVERSION = YES;
				GCC_WARN_ABOUT_RETURN_TYPE = YES_ERROR;
				GCC_WARN_UNDECLARED_SELECTOR = YES;
				GCC_WARN_UNINITIALIZED_AUTOS = YES_AGGRESSIVE;
				GCC_WARN_UNUSED_FUNCTION = YES;
				GCC_WARN_UNUSED_VARIABLE = YES;
				IPHONEOS_DEPLOYMENT_TARGET = 12.4;
				MTL_ENABLE_DEBUG_INFO = NO;
				MTL_FAST_MATH = YES;
				SDKROOT = iphoneos;
				SWIFT_COMPILATION_MODE = wholemodule;
				SWIFT_OPTIMIZATION_LEVEL = "-O";
				VALIDATE_PRODUCT = YES;
			};
			name = Release;
		};
		F37DDDDC231FD8FE00C14031 /* Debug */ = {
			isa = XCBuildConfiguration;
			buildSettings = {
				ASSETCATALOG_COMPILER_APPICON_NAME = AppIcon;
				CODE_SIGN_STYLE = Automatic;
				DEVELOPMENT_TEAM = WU9G9X7432;
				INFOPLIST_FILE = EducationRepo/Info.plist;
				LD_RUNPATH_SEARCH_PATHS = (
					"$(inherited)",
					"@executable_path/Frameworks",
				);
				PRODUCT_BUNDLE_IDENTIFIER = edu.EducationRepo;
				PRODUCT_NAME = "$(TARGET_NAME)";
				SWIFT_VERSION = 5.0;
				TARGETED_DEVICE_FAMILY = "1,2";
			};
			name = Debug;
		};
		F37DDDDD231FD8FE00C14031 /* Release */ = {
			isa = XCBuildConfiguration;
			buildSettings = {
				ASSETCATALOG_COMPILER_APPICON_NAME = AppIcon;
				CODE_SIGN_STYLE = Automatic;
				DEVELOPMENT_TEAM = WU9G9X7432;
				INFOPLIST_FILE = EducationRepo/Info.plist;
				LD_RUNPATH_SEARCH_PATHS = (
					"$(inherited)",
					"@executable_path/Frameworks",
				);
				PRODUCT_BUNDLE_IDENTIFIER = edu.EducationRepo;
				PRODUCT_NAME = "$(TARGET_NAME)";
				SWIFT_VERSION = 5.0;
				TARGETED_DEVICE_FAMILY = "1,2";
			};
			name = Release;
		};
/* End XCBuildConfiguration section */

/* Begin XCConfigurationList section */
		F37DDDC4231FD8FD00C14031 /* Build configuration list for PBXProject "EducationRepo" */ = {
			isa = XCConfigurationList;
			buildConfigurations = (
				F37DDDD9231FD8FE00C14031 /* Debug */,
				F37DDDDA231FD8FE00C14031 /* Release */,
			);
			defaultConfigurationIsVisible = 0;
			defaultConfigurationName = Release;
		};
		F37DDDDB231FD8FE00C14031 /* Build configuration list for PBXNativeTarget "EducationRepo" */ = {
			isa = XCConfigurationList;
			buildConfigurations = (
				F37DDDDC231FD8FE00C14031 /* Debug */,
				F37DDDDD231FD8FE00C14031 /* Release */,
			);
			defaultConfigurationIsVisible = 0;
			defaultConfigurationName = Release;
		};
/* End XCConfigurationList section */
	};
	rootObject = F37DDDC1231FD8FD00C14031 /* Project object */;
}
