// !$*UTF8*$!
{
	archiveVersion = 1;
	classes = {
	};
	objectVersion = 50;
	objects = {

/* Begin PBXBuildFile section */
		F341DBD6234DD96700D07810 /* AppDelegate.swift in Sources */ = {isa = PBXBuildFile; fileRef = F341DBD5234DD96700D07810 /* AppDelegate.swift */; };
		F341DBD8234DD96700D07810 /* SceneDelegate.swift in Sources */ = {isa = PBXBuildFile; fileRef = F341DBD7234DD96700D07810 /* SceneDelegate.swift */; };
		F341DBDD234DD96700D07810 /* Main.storyboard in Resources */ = {isa = PBXBuildFile; fileRef = F341DBDB234DD96700D07810 /* Main.storyboard */; };
		F341DBE0234DD96700D07810 /* TwitterApp.xcdatamodeld in Sources */ = {isa = PBXBuildFile; fileRef = F341DBDE234DD96700D07810 /* TwitterApp.xcdatamodeld */; };
		F341DBE2234DD96900D07810 /* Assets.xcassets in Resources */ = {isa = PBXBuildFile; fileRef = F341DBE1234DD96900D07810 /* Assets.xcassets */; };
		F341DBE5234DD96900D07810 /* LaunchScreen.storyboard in Resources */ = {isa = PBXBuildFile; fileRef = F341DBE3234DD96900D07810 /* LaunchScreen.storyboard */; };
		F341DBED234DDA1E00D07810 /* TweetTableViewController.swift in Sources */ = {isa = PBXBuildFile; fileRef = F341DBEC234DDA1E00D07810 /* TweetTableViewController.swift */; };
		F341DBF4234DDFC200D07810 /* Twitter.framework in Frameworks */ = {isa = PBXBuildFile; fileRef = F341DBF3234DDFC200D07810 /* Twitter.framework */; };
		F341DBF5234DDFC200D07810 /* Twitter.framework in Embed Frameworks */ = {isa = PBXBuildFile; fileRef = F341DBF3234DDFC200D07810 /* Twitter.framework */; settings = {ATTRIBUTES = (CodeSignOnCopy, RemoveHeadersOnCopy, ); }; };
/* End PBXBuildFile section */

/* Begin PBXCopyFilesBuildPhase section */
		F341DBF6234DDFC200D07810 /* Embed Frameworks */ = {
			isa = PBXCopyFilesBuildPhase;
			buildActionMask = 2147483647;
			dstPath = "";
			dstSubfolderSpec = 10;
			files = (
				F341DBF5234DDFC200D07810 /* Twitter.framework in Embed Frameworks */,
			);
			name = "Embed Frameworks";
			runOnlyForDeploymentPostprocessing = 0;
		};
/* End PBXCopyFilesBuildPhase section */

/* Begin PBXFileReference section */
		F341DBD2234DD96700D07810 /* TwitterApp.app */ = {isa = PBXFileReference; explicitFileType = wrapper.application; includeInIndex = 0; path = TwitterApp.app; sourceTree = BUILT_PRODUCTS_DIR; };
		F341DBD5234DD96700D07810 /* AppDelegate.swift */ = {isa = PBXFileReference; lastKnownFileType = sourcecode.swift; path = AppDelegate.swift; sourceTree = "<group>"; };
		F341DBD7234DD96700D07810 /* SceneDelegate.swift */ = {isa = PBXFileReference; lastKnownFileType = sourcecode.swift; path = SceneDelegate.swift; sourceTree = "<group>"; };
		F341DBDC234DD96700D07810 /* Base */ = {isa = PBXFileReference; lastKnownFileType = file.storyboard; name = Base; path = Base.lproj/Main.storyboard; sourceTree = "<group>"; };
		F341DBDF234DD96700D07810 /* TwitterApp.xcdatamodel */ = {isa = PBXFileReference; lastKnownFileType = wrapper.xcdatamodel; path = TwitterApp.xcdatamodel; sourceTree = "<group>"; };
		F341DBE1234DD96900D07810 /* Assets.xcassets */ = {isa = PBXFileReference; lastKnownFileType = folder.assetcatalog; path = Assets.xcassets; sourceTree = "<group>"; };
		F341DBE4234DD96900D07810 /* Base */ = {isa = PBXFileReference; lastKnownFileType = file.storyboard; name = Base; path = Base.lproj/LaunchScreen.storyboard; sourceTree = "<group>"; };
		F341DBE6234DD96900D07810 /* Info.plist */ = {isa = PBXFileReference; lastKnownFileType = text.plist.xml; path = Info.plist; sourceTree = "<group>"; };
		F341DBEC234DDA1E00D07810 /* TweetTableViewController.swift */ = {isa = PBXFileReference; lastKnownFileType = sourcecode.swift; path = TweetTableViewController.swift; sourceTree = "<group>"; };
		F341DBF3234DDFC200D07810 /* Twitter.framework */ = {isa = PBXFileReference; explicitFileType = wrapper.framework; path = Twitter.framework; sourceTree = BUILT_PRODUCTS_DIR; };
/* End PBXFileReference section */

/* Begin PBXFrameworksBuildPhase section */
		F341DBCF234DD96700D07810 /* Frameworks */ = {
			isa = PBXFrameworksBuildPhase;
			buildActionMask = 2147483647;
			files = (
				F341DBF4234DDFC200D07810 /* Twitter.framework in Frameworks */,
			);
			runOnlyForDeploymentPostprocessing = 0;
		};
/* End PBXFrameworksBuildPhase section */

/* Begin PBXGroup section */
		F341DBC9234DD96700D07810 = {
			isa = PBXGroup;
			children = (
				F341DBD4234DD96700D07810 /* TwitterApp */,
				F341DBD3234DD96700D07810 /* Products */,
				F341DBF2234DDFC200D07810 /* Frameworks */,
			);
			sourceTree = "<group>";
		};
		F341DBD3234DD96700D07810 /* Products */ = {
			isa = PBXGroup;
			children = (
				F341DBD2234DD96700D07810 /* TwitterApp.app */,
			);
			name = Products;
			sourceTree = "<group>";
		};
		F341DBD4234DD96700D07810 /* TwitterApp */ = {
			isa = PBXGroup;
			children = (
				F341DBEC234DDA1E00D07810 /* TweetTableViewController.swift */,
				F341DBD5234DD96700D07810 /* AppDelegate.swift */,
				F341DBD7234DD96700D07810 /* SceneDelegate.swift */,
				F341DBDB234DD96700D07810 /* Main.storyboard */,
				F341DBE1234DD96900D07810 /* Assets.xcassets */,
				F341DBE3234DD96900D07810 /* LaunchScreen.storyboard */,
				F341DBE6234DD96900D07810 /* Info.plist */,
				F341DBDE234DD96700D07810 /* TwitterApp.xcdatamodeld */,
			);
			path = TwitterApp;
			sourceTree = "<group>";
		};
		F341DBF2234DDFC200D07810 /* Frameworks */ = {
			isa = PBXGroup;
			children = (
				F341DBF3234DDFC200D07810 /* Twitter.framework */,
			);
			name = Frameworks;
			sourceTree = "<group>";
		};
/* End PBXGroup section */

/* Begin PBXNativeTarget section */
		F341DBD1234DD96700D07810 /* TwitterApp */ = {
			isa = PBXNativeTarget;
			buildConfigurationList = F341DBE9234DD96900D07810 /* Build configuration list for PBXNativeTarget "TwitterApp" */;
			buildPhases = (
				F341DBCE234DD96700D07810 /* Sources */,
				F341DBCF234DD96700D07810 /* Frameworks */,
				F341DBD0234DD96700D07810 /* Resources */,
				F341DBF6234DDFC200D07810 /* Embed Frameworks */,
			);
			buildRules = (
			);
			dependencies = (
			);
			name = TwitterApp;
			productName = TwitterApp;
			productReference = F341DBD2234DD96700D07810 /* TwitterApp.app */;
			productType = "com.apple.product-type.application";
		};
/* End PBXNativeTarget section */

/* Begin PBXProject section */
		F341DBCA234DD96700D07810 /* Project object */ = {
			isa = PBXProject;
			attributes = {
				LastSwiftUpdateCheck = 1100;
				LastUpgradeCheck = 1100;
				ORGANIZATIONNAME = "Margarita Zarubina";
				TargetAttributes = {
					F341DBD1234DD96700D07810 = {
						CreatedOnToolsVersion = 11.0;
					};
				};
			};
			buildConfigurationList = F341DBCD234DD96700D07810 /* Build configuration list for PBXProject "TwitterApp" */;
			compatibilityVersion = "Xcode 9.3";
			developmentRegion = en;
			hasScannedForEncodings = 0;
			knownRegions = (
				en,
				Base,
			);
			mainGroup = F341DBC9234DD96700D07810;
			productRefGroup = F341DBD3234DD96700D07810 /* Products */;
			projectDirPath = "";
			projectRoot = "";
			targets = (
				F341DBD1234DD96700D07810 /* TwitterApp */,
			);
		};
/* End PBXProject section */

/* Begin PBXResourcesBuildPhase section */
		F341DBD0234DD96700D07810 /* Resources */ = {
			isa = PBXResourcesBuildPhase;
			buildActionMask = 2147483647;
			files = (
				F341DBE5234DD96900D07810 /* LaunchScreen.storyboard in Resources */,
				F341DBE2234DD96900D07810 /* Assets.xcassets in Resources */,
				F341DBDD234DD96700D07810 /* Main.storyboard in Resources */,
			);
			runOnlyForDeploymentPostprocessing = 0;
		};
/* End PBXResourcesBuildPhase section */

/* Begin PBXSourcesBuildPhase section */
		F341DBCE234DD96700D07810 /* Sources */ = {
			isa = PBXSourcesBuildPhase;
			buildActionMask = 2147483647;
			files = (
				F341DBD6234DD96700D07810 /* AppDelegate.swift in Sources */,
				F341DBED234DDA1E00D07810 /* TweetTableViewController.swift in Sources */,
				F341DBD8234DD96700D07810 /* SceneDelegate.swift in Sources */,
				F341DBE0234DD96700D07810 /* TwitterApp.xcdatamodeld in Sources */,
			);
			runOnlyForDeploymentPostprocessing = 0;
		};
/* End PBXSourcesBuildPhase section */

/* Begin PBXVariantGroup section */
		F341DBDB234DD96700D07810 /* Main.storyboard */ = {
			isa = PBXVariantGroup;
			children = (
				F341DBDC234DD96700D07810 /* Base */,
			);
			name = Main.storyboard;
			sourceTree = "<group>";
		};
		F341DBE3234DD96900D07810 /* LaunchScreen.storyboard */ = {
			isa = PBXVariantGroup;
			children = (
				F341DBE4234DD96900D07810 /* Base */,
			);
			name = LaunchScreen.storyboard;
			sourceTree = "<group>";
		};
/* End PBXVariantGroup section */

/* Begin XCBuildConfiguration section */
		F341DBE7234DD96900D07810 /* Debug */ = {
			isa = XCBuildConfiguration;
			buildSettings = {
				ALWAYS_SEARCH_USER_PATHS = NO;
				CLANG_ANALYZER_NONNULL = YES;
				CLANG_ANALYZER_NUMBER_OBJECT_CONVERSION = YES_AGGRESSIVE;
				CLANG_CXX_LANGUAGE_STANDARD = "gnu++14";
				CLANG_CXX_LIBRARY = "libc++";
				CLANG_ENABLE_MODULES = YES;
				CLANG_ENABLE_OBJC_ARC = YES;
				CLANG_ENABLE_OBJC_WEAK = YES;
				CLANG_WARN_BLOCK_CAPTURE_AUTORELEASING = YES;
				CLANG_WARN_BOOL_CONVERSION = YES;
				CLANG_WARN_COMMA = YES;
				CLANG_WARN_CONSTANT_CONVERSION = YES;
				CLANG_WARN_DEPRECATED_OBJC_IMPLEMENTATIONS = YES;
				CLANG_WARN_DIRECT_OBJC_ISA_USAGE = YES_ERROR;
				CLANG_WARN_DOCUMENTATION_COMMENTS = YES;
				CLANG_WARN_EMPTY_BODY = YES;
				CLANG_WARN_ENUM_CONVERSION = YES;
				CLANG_WARN_INFINITE_RECURSION = YES;
				CLANG_WARN_INT_CONVERSION = YES;
				CLANG_WARN_NON_LITERAL_NULL_CONVERSION = YES;
				CLANG_WARN_OBJC_IMPLICIT_RETAIN_SELF = YES;
				CLANG_WARN_OBJC_LITERAL_CONVERSION = YES;
				CLANG_WARN_OBJC_ROOT_CLASS = YES_ERROR;
				CLANG_WARN_RANGE_LOOP_ANALYSIS = YES;
				CLANG_WARN_STRICT_PROTOTYPES = YES;
				CLANG_WARN_SUSPICIOUS_MOVE = YES;
				CLANG_WARN_UNGUARDED_AVAILABILITY = YES_AGGRESSIVE;
				CLANG_WARN_UNREACHABLE_CODE = YES;
				CLANG_WARN__DUPLICATE_METHOD_MATCH = YES;
				COPY_PHASE_STRIP = NO;
				DEBUG_INFORMATION_FORMAT = dwarf;
				ENABLE_STRICT_OBJC_MSGSEND = YES;
				ENABLE_TESTABILITY = YES;
				GCC_C_LANGUAGE_STANDARD = gnu11;
				GCC_DYNAMIC_NO_PIC = NO;
				GCC_NO_COMMON_BLOCKS = YES;
				GCC_OPTIMIZATION_LEVEL = 0;
				GCC_PREPROCESSOR_DEFINITIONS = (
					"DEBUG=1",
					"$(inherited)",
				);
				GCC_WARN_64_TO_32_BIT_CONVERSION = YES;
				GCC_WARN_ABOUT_RETURN_TYPE = YES_ERROR;
				GCC_WARN_UNDECLARED_SELECTOR = YES;
				GCC_WARN_UNINITIALIZED_AUTOS = YES_AGGRESSIVE;
				GCC_WARN_UNUSED_FUNCTION = YES;
				GCC_WARN_UNUSED_VARIABLE = YES;
				IPHONEOS_DEPLOYMENT_TARGET = 11.0;
				MTL_ENABLE_DEBUG_INFO = INCLUDE_SOURCE;
				MTL_FAST_MATH = YES;
				ONLY_ACTIVE_ARCH = YES;
				SDKROOT = iphoneos;
				SWIFT_ACTIVE_COMPILATION_CONDITIONS = DEBUG;
				SWIFT_OPTIMIZATION_LEVEL = "-Onone";
			};
			name = Debug;
		};
		F341DBE8234DD96900D07810 /* Release */ = {
			isa = XCBuildConfiguration;
			buildSettings = {
				ALWAYS_SEARCH_USER_PATHS = NO;
				CLANG_ANALYZER_NONNULL = YES;
				CLANG_ANALYZER_NUMBER_OBJECT_CONVERSION = YES_AGGRESSIVE;
				CLANG_CXX_LANGUAGE_STANDARD = "gnu++14";
				CLANG_CXX_LIBRARY = "libc++";
				CLANG_ENABLE_MODULES = YES;
				CLANG_ENABLE_OBJC_ARC = YES;
				CLANG_ENABLE_OBJC_WEAK = YES;
				CLANG_WARN_BLOCK_CAPTURE_AUTORELEASING = YES;
				CLANG_WARN_BOOL_CONVERSION = YES;
				CLANG_WARN_COMMA = YES;
				CLANG_WARN_CONSTANT_CONVERSION = YES;
				CLANG_WARN_DEPRECATED_OBJC_IMPLEMENTATIONS = YES;
				CLANG_WARN_DIRECT_OBJC_ISA_USAGE = YES_ERROR;
				CLANG_WARN_DOCUMENTATION_COMMENTS = YES;
				CLANG_WARN_EMPTY_BODY = YES;
				CLANG_WARN_ENUM_CONVERSION = YES;
				CLANG_WARN_INFINITE_RECURSION = YES;
				CLANG_WARN_INT_CONVERSION = YES;
				CLANG_WARN_NON_LITERAL_NULL_CONVERSION = YES;
				CLANG_WARN_OBJC_IMPLICIT_RETAIN_SELF = YES;
				CLANG_WARN_OBJC_LITERAL_CONVERSION = YES;
				CLANG_WARN_OBJC_ROOT_CLASS = YES_ERROR;
				CLANG_WARN_RANGE_LOOP_ANALYSIS = YES;
				CLANG_WARN_STRICT_PROTOTYPES = YES;
				CLANG_WARN_SUSPICIOUS_MOVE = YES;
				CLANG_WARN_UNGUARDED_AVAILABILITY = YES_AGGRESSIVE;
				CLANG_WARN_UNREACHABLE_CODE = YES;
				CLANG_WARN__DUPLICATE_METHOD_MATCH = YES;
				COPY_PHASE_STRIP = NO;
				DEBUG_INFORMATION_FORMAT = "dwarf-with-dsym";
				ENABLE_NS_ASSERTIONS = NO;
				ENABLE_STRICT_OBJC_MSGSEND = YES;
				GCC_C_LANGUAGE_STANDARD = gnu11;
				GCC_NO_COMMON_BLOCKS = YES;
				GCC_WARN_64_TO_32_BIT_CONVERSION = YES;
				GCC_WARN_ABOUT_RETURN_TYPE = YES_ERROR;
				GCC_WARN_UNDECLARED_SELECTOR = YES;
				GCC_WARN_UNINITIALIZED_AUTOS = YES_AGGRESSIVE;
				GCC_WARN_UNUSED_FUNCTION = YES;
				GCC_WARN_UNUSED_VARIABLE = YES;
				IPHONEOS_DEPLOYMENT_TARGET = 11.0;
				MTL_ENABLE_DEBUG_INFO = NO;
				MTL_FAST_MATH = YES;
				SDKROOT = iphoneos;
				SWIFT_COMPILATION_MODE = wholemodule;
				SWIFT_OPTIMIZATION_LEVEL = "-O";
				VALIDATE_PRODUCT = YES;
			};
			name = Release;
		};
		F341DBEA234DD96900D07810 /* Debug */ = {
			isa = XCBuildConfiguration;
			buildSettings = {
				ASSETCATALOG_COMPILER_APPICON_NAME = AppIcon;
				CODE_SIGN_STYLE = Automatic;
				DEVELOPMENT_TEAM = WU9G9X7432;
				INFOPLIST_FILE = TwitterApp/Info.plist;
				LD_RUNPATH_SEARCH_PATHS = (
					"$(inherited)",
					"@executable_path/Frameworks",
				);
				PRODUCT_BUNDLE_IDENTIFIER = edu.TwitterApp;
				PRODUCT_NAME = "$(TARGET_NAME)";
				SWIFT_VERSION = 5.0;
				TARGETED_DEVICE_FAMILY = "1,2";
			};
			name = Debug;
		};
		F341DBEB234DD96900D07810 /* Release */ = {
			isa = XCBuildConfiguration;
			buildSettings = {
				ASSETCATALOG_COMPILER_APPICON_NAME = AppIcon;
				CODE_SIGN_STYLE = Automatic;
				DEVELOPMENT_TEAM = WU9G9X7432;
				INFOPLIST_FILE = TwitterApp/Info.plist;
				LD_RUNPATH_SEARCH_PATHS = (
					"$(inherited)",
					"@executable_path/Frameworks",
				);
				PRODUCT_BUNDLE_IDENTIFIER = edu.TwitterApp;
				PRODUCT_NAME = "$(TARGET_NAME)";
				SWIFT_VERSION = 5.0;
				TARGETED_DEVICE_FAMILY = "1,2";
			};
			name = Release;
		};
/* End XCBuildConfiguration section */

/* Begin XCConfigurationList section */
		F341DBCD234DD96700D07810 /* Build configuration list for PBXProject "TwitterApp" */ = {
			isa = XCConfigurationList;
			buildConfigurations = (
				F341DBE7234DD96900D07810 /* Debug */,
				F341DBE8234DD96900D07810 /* Release */,
			);
			defaultConfigurationIsVisible = 0;
			defaultConfigurationName = Release;
		};
		F341DBE9234DD96900D07810 /* Build configuration list for PBXNativeTarget "TwitterApp" */ = {
			isa = XCConfigurationList;
			buildConfigurations = (
				F341DBEA234DD96900D07810 /* Debug */,
				F341DBEB234DD96900D07810 /* Release */,
			);
			defaultConfigurationIsVisible = 0;
			defaultConfigurationName = Release;
		};
/* End XCConfigurationList section */

/* Begin XCVersionGroup section */
		F341DBDE234DD96700D07810 /* TwitterApp.xcdatamodeld */ = {
			isa = XCVersionGroup;
			children = (
				F341DBDF234DD96700D07810 /* TwitterApp.xcdatamodel */,
			);
			currentVersion = F341DBDF234DD96700D07810 /* TwitterApp.xcdatamodel */;
			path = TwitterApp.xcdatamodeld;
			sourceTree = "<group>";
			versionGroupType = wrapper.xcdatamodel;
		};
/* End XCVersionGroup section */
	};
	rootObject = F341DBCA234DD96700D07810 /* Project object */;
}
