// !$*UTF8*$!
{
	archiveVersion = 1;
	classes = {
	};
	objectVersion = 50;
	objects = {

/* Begin PBXBuildFile section */
		F3636AE2232112BE003344CD /* AppDelegate.swift in Sources */ = {isa = PBXBuildFile; fileRef = F3636AE1232112BE003344CD /* AppDelegate.swift */; };
		F3636AE4232112BE003344CD /* ViewController.swift in Sources */ = {isa = PBXBuildFile; fileRef = F3636AE3232112BE003344CD /* ViewController.swift */; };
		F3636AE7232112BE003344CD /* Main.storyboard in Resources */ = {isa = PBXBuildFile; fileRef = F3636AE5232112BE003344CD /* Main.storyboard */; };
		F3636AE9232112BF003344CD /* Assets.xcassets in Resources */ = {isa = PBXBuildFile; fileRef = F3636AE8232112BF003344CD /* Assets.xcassets */; };
		F3636AEC232112BF003344CD /* LaunchScreen.storyboard in Resources */ = {isa = PBXBuildFile; fileRef = F3636AEA232112BF003344CD /* LaunchScreen.storyboard */; };
		F3636AF4232112FD003344CD /* MasterViewController.swift in Sources */ = {isa = PBXBuildFile; fileRef = F3636AF3232112FD003344CD /* MasterViewController.swift */; };
		F3636AF623211425003344CD /* DetailViewController.swift in Sources */ = {isa = PBXBuildFile; fileRef = F3636AF523211425003344CD /* DetailViewController.swift */; };
		F3636AF823211506003344CD /* Model.swift in Sources */ = {isa = PBXBuildFile; fileRef = F3636AF723211506003344CD /* Model.swift */; };
		F3636AFA23211BBF003344CD /* TableViewController.swift in Sources */ = {isa = PBXBuildFile; fileRef = F3636AF923211BBF003344CD /* TableViewController.swift */; };
/* End PBXBuildFile section */

/* Begin PBXFileReference section */
		F3636ADE232112BE003344CD /* TestUISplitViewController.app */ = {isa = PBXFileReference; explicitFileType = wrapper.application; includeInIndex = 0; path = TestUISplitViewController.app; sourceTree = BUILT_PRODUCTS_DIR; };
		F3636AE1232112BE003344CD /* AppDelegate.swift */ = {isa = PBXFileReference; lastKnownFileType = sourcecode.swift; path = AppDelegate.swift; sourceTree = "<group>"; };
		F3636AE3232112BE003344CD /* ViewController.swift */ = {isa = PBXFileReference; lastKnownFileType = sourcecode.swift; path = ViewController.swift; sourceTree = "<group>"; };
		F3636AE6232112BE003344CD /* Base */ = {isa = PBXFileReference; lastKnownFileType = file.storyboard; name = Base; path = Base.lproj/Main.storyboard; sourceTree = "<group>"; };
		F3636AE8232112BF003344CD /* Assets.xcassets */ = {isa = PBXFileReference; lastKnownFileType = folder.assetcatalog; path = Assets.xcassets; sourceTree = "<group>"; };
		F3636AEB232112BF003344CD /* Base */ = {isa = PBXFileReference; lastKnownFileType = file.storyboard; name = Base; path = Base.lproj/LaunchScreen.storyboard; sourceTree = "<group>"; };
		F3636AED232112BF003344CD /* Info.plist */ = {isa = PBXFileReference; lastKnownFileType = text.plist.xml; path = Info.plist; sourceTree = "<group>"; };
		F3636AF3232112FD003344CD /* MasterViewController.swift */ = {isa = PBXFileReference; lastKnownFileType = sourcecode.swift; path = MasterViewController.swift; sourceTree = "<group>"; };
		F3636AF523211425003344CD /* DetailViewController.swift */ = {isa = PBXFileReference; lastKnownFileType = sourcecode.swift; path = DetailViewController.swift; sourceTree = "<group>"; };
		F3636AF723211506003344CD /* Model.swift */ = {isa = PBXFileReference; lastKnownFileType = sourcecode.swift; path = Model.swift; sourceTree = "<group>"; };
		F3636AF923211BBF003344CD /* TableViewController.swift */ = {isa = PBXFileReference; lastKnownFileType = sourcecode.swift; path = TableViewController.swift; sourceTree = "<group>"; };
/* End PBXFileReference section */

/* Begin PBXFrameworksBuildPhase section */
		F3636ADB232112BE003344CD /* Frameworks */ = {
			isa = PBXFrameworksBuildPhase;
			buildActionMask = 2147483647;
			files = (
			);
			runOnlyForDeploymentPostprocessing = 0;
		};
/* End PBXFrameworksBuildPhase section */

/* Begin PBXGroup section */
		F3636AD5232112BE003344CD = {
			isa = PBXGroup;
			children = (
				F3636AE0232112BE003344CD /* TestUISplitViewController */,
				F3636ADF232112BE003344CD /* Products */,
			);
			sourceTree = "<group>";
		};
		F3636ADF232112BE003344CD /* Products */ = {
			isa = PBXGroup;
			children = (
				F3636ADE232112BE003344CD /* TestUISplitViewController.app */,
			);
			name = Products;
			sourceTree = "<group>";
		};
		F3636AE0232112BE003344CD /* TestUISplitViewController */ = {
			isa = PBXGroup;
			children = (
				F3636AE1232112BE003344CD /* AppDelegate.swift */,
				F3636AE3232112BE003344CD /* ViewController.swift */,
				F3636AE5232112BE003344CD /* Main.storyboard */,
				F3636AF723211506003344CD /* Model.swift */,
				F3636AF523211425003344CD /* DetailViewController.swift */,
				F3636AF3232112FD003344CD /* MasterViewController.swift */,
				F3636AF923211BBF003344CD /* TableViewController.swift */,
				F3636AE8232112BF003344CD /* Assets.xcassets */,
				F3636AEA232112BF003344CD /* LaunchScreen.storyboard */,
				F3636AED232112BF003344CD /* Info.plist */,
			);
			path = TestUISplitViewController;
			sourceTree = "<group>";
		};
/* End PBXGroup section */

/* Begin PBXNativeTarget section */
		F3636ADD232112BE003344CD /* TestUISplitViewController */ = {
			isa = PBXNativeTarget;
			buildConfigurationList = F3636AF0232112BF003344CD /* Build configuration list for PBXNativeTarget "TestUISplitViewController" */;
			buildPhases = (
				F3636ADA232112BE003344CD /* Sources */,
				F3636ADB232112BE003344CD /* Frameworks */,
				F3636ADC232112BE003344CD /* Resources */,
			);
			buildRules = (
			);
			dependencies = (
			);
			name = TestUISplitViewController;
			productName = TestUISplitViewController;
			productReference = F3636ADE232112BE003344CD /* TestUISplitViewController.app */;
			productType = "com.apple.product-type.application";
		};
/* End PBXNativeTarget section */

/* Begin PBXProject section */
		F3636AD6232112BE003344CD /* Project object */ = {
			isa = PBXProject;
			attributes = {
				LastSwiftUpdateCheck = 1030;
				LastUpgradeCheck = 1030;
				ORGANIZATIONNAME = "Margarita Zarubina";
				TargetAttributes = {
					F3636ADD232112BE003344CD = {
						CreatedOnToolsVersion = 10.3;
					};
				};
			};
			buildConfigurationList = F3636AD9232112BE003344CD /* Build configuration list for PBXProject "TestUISplitViewController" */;
			compatibilityVersion = "Xcode 9.3";
			developmentRegion = en;
			hasScannedForEncodings = 0;
			knownRegions = (
				en,
				Base,
			);
			mainGroup = F3636AD5232112BE003344CD;
			productRefGroup = F3636ADF232112BE003344CD /* Products */;
			projectDirPath = "";
			projectRoot = "";
			targets = (
				F3636ADD232112BE003344CD /* TestUISplitViewController */,
			);
		};
/* End PBXProject section */

/* Begin PBXResourcesBuildPhase section */
		F3636ADC232112BE003344CD /* Resources */ = {
			isa = PBXResourcesBuildPhase;
			buildActionMask = 2147483647;
			files = (
				F3636AEC232112BF003344CD /* LaunchScreen.storyboard in Resources */,
				F3636AE9232112BF003344CD /* Assets.xcassets in Resources */,
				F3636AE7232112BE003344CD /* Main.storyboard in Resources */,
			);
			runOnlyForDeploymentPostprocessing = 0;
		};
/* End PBXResourcesBuildPhase section */

/* Begin PBXSourcesBuildPhase section */
		F3636ADA232112BE003344CD /* Sources */ = {
			isa = PBXSourcesBuildPhase;
			buildActionMask = 2147483647;
			files = (
				F3636AF823211506003344CD /* Model.swift in Sources */,
				F3636AFA23211BBF003344CD /* TableViewController.swift in Sources */,
				F3636AE4232112BE003344CD /* ViewController.swift in Sources */,
				F3636AE2232112BE003344CD /* AppDelegate.swift in Sources */,
				F3636AF4232112FD003344CD /* MasterViewController.swift in Sources */,
				F3636AF623211425003344CD /* DetailViewController.swift in Sources */,
			);
			runOnlyForDeploymentPostprocessing = 0;
		};
/* End PBXSourcesBuildPhase section */

/* Begin PBXVariantGroup section */
		F3636AE5232112BE003344CD /* Main.storyboard */ = {
			isa = PBXVariantGroup;
			children = (
				F3636AE6232112BE003344CD /* Base */,
			);
			name = Main.storyboard;
			sourceTree = "<group>";
		};
		F3636AEA232112BF003344CD /* LaunchScreen.storyboard */ = {
			isa = PBXVariantGroup;
			children = (
				F3636AEB232112BF003344CD /* Base */,
			);
			name = LaunchScreen.storyboard;
			sourceTree = "<group>";
		};
/* End PBXVariantGroup section */

/* Begin XCBuildConfiguration section */
		F3636AEE232112BF003344CD /* Debug */ = {
			isa = XCBuildConfiguration;
			buildSettings = {
				ALWAYS_SEARCH_USER_PATHS = NO;
				CLANG_ANALYZER_NONNULL = YES;
				CLANG_ANALYZER_NUMBER_OBJECT_CONVERSION = YES_AGGRESSIVE;
				CLANG_CXX_LANGUAGE_STANDARD = "gnu++14";
				CLANG_CXX_LIBRARY = "libc++";
				CLANG_ENABLE_MODULES = YES;
				CLANG_ENABLE_OBJC_ARC = YES;
				CLANG_ENABLE_OBJC_WEAK = YES;
				CLANG_WARN_BLOCK_CAPTURE_AUTORELEASING = YES;
				CLANG_WARN_BOOL_CONVERSION = YES;
				CLANG_WARN_COMMA = YES;
				CLANG_WARN_CONSTANT_CONVERSION = YES;
				CLANG_WARN_DEPRECATED_OBJC_IMPLEMENTATIONS = YES;
				CLANG_WARN_DIRECT_OBJC_ISA_USAGE = YES_ERROR;
				CLANG_WARN_DOCUMENTATION_COMMENTS = YES;
				CLANG_WARN_EMPTY_BODY = YES;
				CLANG_WARN_ENUM_CONVERSION = YES;
				CLANG_WARN_INFINITE_RECURSION = YES;
				CLANG_WARN_INT_CONVERSION = YES;
				CLANG_WARN_NON_LITERAL_NULL_CONVERSION = YES;
				CLANG_WARN_OBJC_IMPLICIT_RETAIN_SELF = YES;
				CLANG_WARN_OBJC_LITERAL_CONVERSION = YES;
				CLANG_WARN_OBJC_ROOT_CLASS = YES_ERROR;
				CLANG_WARN_RANGE_LOOP_ANALYSIS = YES;
				CLANG_WARN_STRICT_PROTOTYPES = YES;
				CLANG_WARN_SUSPICIOUS_MOVE = YES;
				CLANG_WARN_UNGUARDED_AVAILABILITY = YES_AGGRESSIVE;
				CLANG_WARN_UNREACHABLE_CODE = YES;
				CLANG_WARN__DUPLICATE_METHOD_MATCH = YES;
				CODE_SIGN_IDENTITY = "iPhone Developer";
				COPY_PHASE_STRIP = NO;
				DEBUG_INFORMATION_FORMAT = dwarf;
				ENABLE_STRICT_OBJC_MSGSEND = YES;
				ENABLE_TESTABILITY = YES;
				GCC_C_LANGUAGE_STANDARD = gnu11;
				GCC_DYNAMIC_NO_PIC = NO;
				GCC_NO_COMMON_BLOCKS = YES;
				GCC_OPTIMIZATION_LEVEL = 0;
				GCC_PREPROCESSOR_DEFINITIONS = (
					"DEBUG=1",
					"$(inherited)",
				);
				GCC_WARN_64_TO_32_BIT_CONVERSION = YES;
				GCC_WARN_ABOUT_RETURN_TYPE = YES_ERROR;
				GCC_WARN_UNDECLARED_SELECTOR = YES;
				GCC_WARN_UNINITIALIZED_AUTOS = YES_AGGRESSIVE;
				GCC_WARN_UNUSED_FUNCTION = YES;
				GCC_WARN_UNUSED_VARIABLE = YES;
				IPHONEOS_DEPLOYMENT_TARGET = 12.4;
				MTL_ENABLE_DEBUG_INFO = INCLUDE_SOURCE;
				MTL_FAST_MATH = YES;
				ONLY_ACTIVE_ARCH = YES;
				SDKROOT = iphoneos;
				SWIFT_ACTIVE_COMPILATION_CONDITIONS = DEBUG;
				SWIFT_OPTIMIZATION_LEVEL = "-Onone";
			};
			name = Debug;
		};
		F3636AEF232112BF003344CD /* Release */ = {
			isa = XCBuildConfiguration;
			buildSettings = {
				ALWAYS_SEARCH_USER_PATHS = NO;
				CLANG_ANALYZER_NONNULL = YES;
				CLANG_ANALYZER_NUMBER_OBJECT_CONVERSION = YES_AGGRESSIVE;
				CLANG_CXX_LANGUAGE_STANDARD = "gnu++14";
				CLANG_CXX_LIBRARY = "libc++";
				CLANG_ENABLE_MODULES = YES;
				CLANG_ENABLE_OBJC_ARC = YES;
				CLANG_ENABLE_OBJC_WEAK = YES;
				CLANG_WARN_BLOCK_CAPTURE_AUTORELEASING = YES;
				CLANG_WARN_BOOL_CONVERSION = YES;
				CLANG_WARN_COMMA = YES;
				CLANG_WARN_CONSTANT_CONVERSION = YES;
				CLANG_WARN_DEPRECATED_OBJC_IMPLEMENTATIONS = YES;
				CLANG_WARN_DIRECT_OBJC_ISA_USAGE = YES_ERROR;
				CLANG_WARN_DOCUMENTATION_COMMENTS = YES;
				CLANG_WARN_EMPTY_BODY = YES;
				CLANG_WARN_ENUM_CONVERSION = YES;
				CLANG_WARN_INFINITE_RECURSION = YES;
				CLANG_WARN_INT_CONVERSION = YES;
				CLANG_WARN_NON_LITERAL_NULL_CONVERSION = YES;
				CLANG_WARN_OBJC_IMPLICIT_RETAIN_SELF = YES;
				CLANG_WARN_OBJC_LITERAL_CONVERSION = YES;
				CLANG_WARN_OBJC_ROOT_CLASS = YES_ERROR;
				CLANG_WARN_RANGE_LOOP_ANALYSIS = YES;
				CLANG_WARN_STRICT_PROTOTYPES = YES;
				CLANG_WARN_SUSPICIOUS_MOVE = YES;
				CLANG_WARN_UNGUARDED_AVAILABILITY = YES_AGGRESSIVE;
				CLANG_WARN_UNREACHABLE_CODE = YES;
				CLANG_WARN__DUPLICATE_METHOD_MATCH = YES;
				CODE_SIGN_IDENTITY = "iPhone Developer";
				COPY_PHASE_STRIP = NO;
				DEBUG_INFORMATION_FORMAT = "dwarf-with-dsym";
				ENABLE_NS_ASSERTIONS = NO;
				ENABLE_STRICT_OBJC_MSGSEND = YES;
				GCC_C_LANGUAGE_STANDARD = gnu11;
				GCC_NO_COMMON_BLOCKS = YES;
				GCC_WARN_64_TO_32_BIT_CONVERSION = YES;
				GCC_WARN_ABOUT_RETURN_TYPE = YES_ERROR;
				GCC_WARN_UNDECLARED_SELECTOR = YES;
				GCC_WARN_UNINITIALIZED_AUTOS = YES_AGGRESSIVE;
				GCC_WARN_UNUSED_FUNCTION = YES;
				GCC_WARN_UNUSED_VARIABLE = YES;
				IPHONEOS_DEPLOYMENT_TARGET = 12.4;
				MTL_ENABLE_DEBUG_INFO = NO;
				MTL_FAST_MATH = YES;
				SDKROOT = iphoneos;
				SWIFT_COMPILATION_MODE = wholemodule;
				SWIFT_OPTIMIZATION_LEVEL = "-O";
				VALIDATE_PRODUCT = YES;
			};
			name = Release;
		};
		F3636AF1232112BF003344CD /* Debug */ = {
			isa = XCBuildConfiguration;
			buildSettings = {
				ASSETCATALOG_COMPILER_APPICON_NAME = AppIcon;
				CODE_SIGN_STYLE = Automatic;
				DEVELOPMENT_TEAM = WU9G9X7432;
				INFOPLIST_FILE = TestUISplitViewController/Info.plist;
				LD_RUNPATH_SEARCH_PATHS = (
					"$(inherited)",
					"@executable_path/Frameworks",
				);
				PRODUCT_BUNDLE_IDENTIFIER = edu.TestUISplitViewController;
				PRODUCT_NAME = "$(TARGET_NAME)";
				SWIFT_VERSION = 5.0;
				TARGETED_DEVICE_FAMILY = "1,2";
			};
			name = Debug;
		};
		F3636AF2232112BF003344CD /* Release */ = {
			isa = XCBuildConfiguration;
			buildSettings = {
				ASSETCATALOG_COMPILER_APPICON_NAME = AppIcon;
				CODE_SIGN_STYLE = Automatic;
				DEVELOPMENT_TEAM = WU9G9X7432;
				INFOPLIST_FILE = TestUISplitViewController/Info.plist;
				LD_RUNPATH_SEARCH_PATHS = (
					"$(inherited)",
					"@executable_path/Frameworks",
				);
				PRODUCT_BUNDLE_IDENTIFIER = edu.TestUISplitViewController;
				PRODUCT_NAME = "$(TARGET_NAME)";
				SWIFT_VERSION = 5.0;
				TARGETED_DEVICE_FAMILY = "1,2";
			};
			name = Release;
		};
/* End XCBuildConfiguration section */

/* Begin XCConfigurationList section */
		F3636AD9232112BE003344CD /* Build configuration list for PBXProject "TestUISplitViewController" */ = {
			isa = XCConfigurationList;
			buildConfigurations = (
				F3636AEE232112BF003344CD /* Debug */,
				F3636AEF232112BF003344CD /* Release */,
			);
			defaultConfigurationIsVisible = 0;
			defaultConfigurationName = Release;
		};
		F3636AF0232112BF003344CD /* Build configuration list for PBXNativeTarget "TestUISplitViewController" */ = {
			isa = XCConfigurationList;
			buildConfigurations = (
				F3636AF1232112BF003344CD /* Debug */,
				F3636AF2232112BF003344CD /* Release */,
			);
			defaultConfigurationIsVisible = 0;
			defaultConfigurationName = Release;
		};
/* End XCConfigurationList section */
	};
	rootObject = F3636AD6232112BE003344CD /* Project object */;
}
